
Microsoft Visual Studio Solution File, Format Version 12.00
# Visual Studio Version 16
VisualStudioVersion = 16.0.29509.3
MinimumVisualStudioVersion = 10.0.40219.1
Project("{FAE04EC0-301F-11D3-BF4B-00C04F79EFBC}") = "Kaarten", "Kaarten\Kaarten.csproj", "{D1B8FB98-6B3F-4FF8-A617-F564C1936164}"
EndProject
Global
	GlobalSection(SolutionConfigurationPlatforms) = preSolution
		Debug|Any CPU = Debug|Any CPU
		Release|Any CPU = Release|Any CPU
	EndGlobalSection
	GlobalSection(ProjectConfigurationPlatforms) = postSolution
		{D1B8FB98-6B3F-4FF8-A617-F564C1936164}.Debug|Any CPU.ActiveCfg = Debug|Any CPU
		{D1B8FB98-6B3F-4FF8-A617-F564C1936164}.Debug|Any CPU.Build.0 = Debug|Any CPU
		{D1B8FB98-6B3F-4FF8-A617-F564C1936164}.Release|Any CPU.ActiveCfg = Release|Any CPU
		{D1B8FB98-6B3F-4FF8-A617-F564C1936164}.Release|Any CPU.Build.0 = Release|Any CPU
	EndGlobalSection
	GlobalSection(SolutionProperties) = preSolution
		HideSolutionNode = FALSE
	EndGlobalSection
	GlobalSection(ExtensibilityGlobals) = postSolution
		SolutionGuid = {A4415DE1-68D0-43A9-A67D-E1FBCFC3D5F0}
	EndGlobalSection
EndGlobal
